
Microsoft Visual Studio Solution File, Format Version 12.00
# Visual Studio Version 17
VisualStudioVersion = 17.0.31903.59
MinimumVisualStudioVersion = 10.0.40219.1
Project("{FAE04EC0-301F-11D3-BF4B-00C04F79EFBC}") = "BankAPI", "BankAPI\BankAPI.csproj", "{C255FE5B-0604-4E75-86C5-1738D1900099}"
EndProject
Project("{FAE04EC0-301F-11D3-BF4B-00C04F79EFBC}") = "BankAPI.Tests", "BankAPI.Tests\BankAPI.Tests.csproj", "{F7997012-32C1-4DCA-AE0D-B80187FDE18B}"
EndProject
Global
	GlobalSection(SolutionConfigurationPlatforms) = preSolution
		Debug|Any CPU = Debug|Any CPU
		Debug|x64 = Debug|x64
		Debug|x86 = Debug|x86
		Release|Any CPU = Release|Any CPU
		Release|x64 = Release|x64
		Release|x86 = Release|x86
	EndGlobalSection
	GlobalSection(ProjectConfigurationPlatforms) = postSolution
		{C255FE5B-0604-4E75-86C5-1738D1900099}.Debug|Any CPU.ActiveCfg = Debug|Any CPU
		{C255FE5B-0604-4E75-86C5-1738D1900099}.Debug|Any CPU.Build.0 = Debug|Any CPU
		{C255FE5B-0604-4E75-86C5-1738D1900099}.Debug|x64.ActiveCfg = Debug|Any CPU
		{C255FE5B-0604-4E75-86C5-1738D1900099}.Debug|x64.Build.0 = Debug|Any CPU
		{C255FE5B-0604-4E75-86C5-1738D1900099}.Debug|x86.ActiveCfg = Debug|Any CPU
		{C255FE5B-0604-4E75-86C5-1738D1900099}.Debug|x86.Build.0 = Debug|Any CPU
		{C255FE5B-0604-4E75-86C5-1738D1900099}.Release|Any CPU.ActiveCfg = Release|Any CPU
		{C255FE5B-0604-4E75-86C5-1738D1900099}.Release|Any CPU.Build.0 = Release|Any CPU
		{C255FE5B-0604-4E75-86C5-1738D1900099}.Release|x64.ActiveCfg = Release|Any CPU
		{C255FE5B-0604-4E75-86C5-1738D1900099}.Release|x64.Build.0 = Release|Any CPU
		{C255FE5B-0604-4E75-86C5-1738D1900099}.Release|x86.ActiveCfg = Release|Any CPU
		{C255FE5B-0604-4E75-86C5-1738D1900099}.Release|x86.Build.0 = Release|Any CPU
		{F7997012-32C1-4DCA-AE0D-B80187FDE18B}.Debug|Any CPU.ActiveCfg = Debug|Any CPU
		{F7997012-32C1-4DCA-AE0D-B80187FDE18B}.Debug|Any CPU.Build.0 = Debug|Any CPU
		{F7997012-32C1-4DCA-AE0D-B80187FDE18B}.Debug|x64.ActiveCfg = Debug|Any CPU
		{F7997012-32C1-4DCA-AE0D-B80187FDE18B}.Debug|x64.Build.0 = Debug|Any CPU
		{F7997012-32C1-4DCA-AE0D-B80187FDE18B}.Debug|x86.ActiveCfg = Debug|Any CPU
		{F7997012-32C1-4DCA-AE0D-B80187FDE18B}.Debug|x86.Build.0 = Debug|Any CPU
		{F7997012-32C1-4DCA-AE0D-B80187FDE18B}.Release|Any CPU.ActiveCfg = Release|Any CPU
		{F7997012-32C1-4DCA-AE0D-B80187FDE18B}.Release|Any CPU.Build.0 = Release|Any CPU
		{F7997012-32C1-4DCA-AE0D-B80187FDE18B}.Release|x64.ActiveCfg = Release|Any CPU
		{F7997012-32C1-4DCA-AE0D-B80187FDE18B}.Release|x64.Build.0 = Release|Any CPU
		{F7997012-32C1-4DCA-AE0D-B80187FDE18B}.Release|x86.ActiveCfg = Release|Any CPU
		{F7997012-32C1-4DCA-AE0D-B80187FDE18B}.Release|x86.Build.0 = Release|Any CPU
	EndGlobalSection
	GlobalSection(SolutionProperties) = preSolution
		HideSolutionNode = FALSE
	EndGlobalSection
EndGlobal
